
Microsoft Visual Studio Solution File, Format Version 12.00
# Visual Studio 15
VisualStudioVersion = 15.0.27703.2035
MinimumVisualStudioVersion = 10.0.40219.1
Project("{FAE04EC0-301F-11D3-BF4B-00C04F79EFBC}") = "cable_poc", "cable_poc\cable_poc.csproj", "{892A5B96-334F-4E6C-A8DC-EF547D58D867}"
EndProject
Global
	GlobalSection(SolutionConfigurationPlatforms) = preSolution
		Debug|Any CPU = Debug|Any CPU
		Release|Any CPU = Release|Any CPU
	EndGlobalSection
	GlobalSection(ProjectConfigurationPlatforms) = postSolution
		{892A5B96-334F-4E6C-A8DC-EF547D58D867}.Debug|Any CPU.ActiveCfg = Debug|Any CPU
		{892A5B96-334F-4E6C-A8DC-EF547D58D867}.Debug|Any CPU.Build.0 = Debug|Any CPU
		{892A5B96-334F-4E6C-A8DC-EF547D58D867}.Release|Any CPU.ActiveCfg = Release|Any CPU
		{892A5B96-334F-4E6C-A8DC-EF547D58D867}.Release|Any CPU.Build.0 = Release|Any CPU
	EndGlobalSection
	GlobalSection(SolutionProperties) = preSolution
		HideSolutionNode = FALSE
	EndGlobalSection
	GlobalSection(ExtensibilityGlobals) = postSolution
		SolutionGuid = {00EC6F27-C4E9-4E72-872A-8688E24D6673}
	EndGlobalSection
EndGlobal
